
Microsoft Visual Studio Solution File, Format Version 12.00
# Visual Studio Version 16
VisualStudioVersion = 16.0.31729.503
MinimumVisualStudioVersion = 10.0.40219.1
Project("{FAE04EC0-301F-11D3-BF4B-00C04F79EFBC}") = "Les_8_Ex_1", "Les_8_Ex_1\Les_8_Ex_1.csproj", "{99A7FA9E-A23D-44C0-A205-D3C296001F23}"
EndProject
Global
	GlobalSection(SolutionConfigurationPlatforms) = preSolution
		Debug|Any CPU = Debug|Any CPU
		Release|Any CPU = Release|Any CPU
	EndGlobalSection
	GlobalSection(ProjectConfigurationPlatforms) = postSolution
		{99A7FA9E-A23D-44C0-A205-D3C296001F23}.Debug|Any CPU.ActiveCfg = Debug|Any CPU
		{99A7FA9E-A23D-44C0-A205-D3C296001F23}.Debug|Any CPU.Build.0 = Debug|Any CPU
		{99A7FA9E-A23D-44C0-A205-D3C296001F23}.Release|Any CPU.ActiveCfg = Release|Any CPU
		{99A7FA9E-A23D-44C0-A205-D3C296001F23}.Release|Any CPU.Build.0 = Release|Any CPU
	EndGlobalSection
	GlobalSection(SolutionProperties) = preSolution
		HideSolutionNode = FALSE
	EndGlobalSection
	GlobalSection(ExtensibilityGlobals) = postSolution
		SolutionGuid = {F52D3785-5065-4899-B3D8-EC2ACDE8247B}
	EndGlobalSection
EndGlobal
